
Microsoft Visual Studio Solution File, Format Version 12.00
# Visual Studio 15
VisualStudioVersion = 15.0.28307.329
MinimumVisualStudioVersion = 10.0.40219.1
Project("{FAE04EC0-301F-11D3-BF4B-00C04F79EFBC}") = "Task1", "Task1\Task1.csproj", "{BE48F6C7-AA7F-48A3-BBD3-A860C5185B85}"
EndProject
Global
	GlobalSection(SolutionConfigurationPlatforms) = preSolution
		Debug|Any CPU = Debug|Any CPU
		Release|Any CPU = Release|Any CPU
	EndGlobalSection
	GlobalSection(ProjectConfigurationPlatforms) = postSolution
		{BE48F6C7-AA7F-48A3-BBD3-A860C5185B85}.Debug|Any CPU.ActiveCfg = Debug|Any CPU
		{BE48F6C7-AA7F-48A3-BBD3-A860C5185B85}.Debug|Any CPU.Build.0 = Debug|Any CPU
		{BE48F6C7-AA7F-48A3-BBD3-A860C5185B85}.Release|Any CPU.ActiveCfg = Release|Any CPU
		{BE48F6C7-AA7F-48A3-BBD3-A860C5185B85}.Release|Any CPU.Build.0 = Release|Any CPU
	EndGlobalSection
	GlobalSection(SolutionProperties) = preSolution
		HideSolutionNode = FALSE
	EndGlobalSection
	GlobalSection(ExtensibilityGlobals) = postSolution
		SolutionGuid = {B63EC9CA-18C1-4CDA-AD00-F2174D88CA39}
	EndGlobalSection
EndGlobal
