
Microsoft Visual Studio Solution File, Format Version 12.00
# Visual Studio 15
VisualStudioVersion = 15.0.28307.329
MinimumVisualStudioVersion = 10.0.40219.1
Project("{9A19103F-16F7-4668-BE54-9A1E7A4F7556}") = "Task", "Task\Task.csproj", "{FD481FB8-97E5-4D0E-8327-A019DE90D57C}"
EndProject
Project("{FAE04EC0-301F-11D3-BF4B-00C04F79EFBC}") = "Task2", "Task2\Task2.csproj", "{D235374B-36A4-4AD2-9AE1-16B75F2B5BE9}"
EndProject
Project("{FAE04EC0-301F-11D3-BF4B-00C04F79EFBC}") = "Task3", "Task3\Task3.csproj", "{1A94142F-65AF-4D8B-A9CD-3C75D25B08F0}"
EndProject
Global
	GlobalSection(SolutionConfigurationPlatforms) = preSolution
		Debug|Any CPU = Debug|Any CPU
		Release|Any CPU = Release|Any CPU
	EndGlobalSection
	GlobalSection(ProjectConfigurationPlatforms) = postSolution
		{FD481FB8-97E5-4D0E-8327-A019DE90D57C}.Debug|Any CPU.ActiveCfg = Debug|Any CPU
		{FD481FB8-97E5-4D0E-8327-A019DE90D57C}.Debug|Any CPU.Build.0 = Debug|Any CPU
		{FD481FB8-97E5-4D0E-8327-A019DE90D57C}.Release|Any CPU.ActiveCfg = Release|Any CPU
		{FD481FB8-97E5-4D0E-8327-A019DE90D57C}.Release|Any CPU.Build.0 = Release|Any CPU
		{D235374B-36A4-4AD2-9AE1-16B75F2B5BE9}.Debug|Any CPU.ActiveCfg = Debug|Any CPU
		{D235374B-36A4-4AD2-9AE1-16B75F2B5BE9}.Debug|Any CPU.Build.0 = Debug|Any CPU
		{D235374B-36A4-4AD2-9AE1-16B75F2B5BE9}.Release|Any CPU.ActiveCfg = Release|Any CPU
		{D235374B-36A4-4AD2-9AE1-16B75F2B5BE9}.Release|Any CPU.Build.0 = Release|Any CPU
		{1A94142F-65AF-4D8B-A9CD-3C75D25B08F0}.Debug|Any CPU.ActiveCfg = Debug|Any CPU
		{1A94142F-65AF-4D8B-A9CD-3C75D25B08F0}.Debug|Any CPU.Build.0 = Debug|Any CPU
		{1A94142F-65AF-4D8B-A9CD-3C75D25B08F0}.Release|Any CPU.ActiveCfg = Release|Any CPU
		{1A94142F-65AF-4D8B-A9CD-3C75D25B08F0}.Release|Any CPU.Build.0 = Release|Any CPU
	EndGlobalSection
	GlobalSection(SolutionProperties) = preSolution
		HideSolutionNode = FALSE
	EndGlobalSection
	GlobalSection(ExtensibilityGlobals) = postSolution
		SolutionGuid = {DA1EF66D-6C79-4509-917E-C2C175D7DF30}
	EndGlobalSection
EndGlobal
